
Microsoft Visual Studio Solution File, Format Version 12.00
# Visual Studio 15
VisualStudioVersion = 15.0.28306.52
MinimumVisualStudioVersion = 10.0.40219.1
Project("{9A19103F-16F7-4668-BE54-9A1E7A4F7556}") = "Servinte.Framework.Clinic.BasicInformation.API", "Servinte.Framework.Clinic.BasicInformation.API\Servinte.Framework.Clinic.BasicInformation.API.csproj", "{4C15E910-F8BC-4C76-B99D-9A5C9F2092B4}"
EndProject
Project("{9A19103F-16F7-4668-BE54-9A1E7A4F7556}") = "Servinte.Framework.Clinic.BasicInformation.Infraestructure", "Servinte.Framework.Clinic.BasicInformation.Infraestructure\Servinte.Framework.Clinic.BasicInformation.Infraestructure.csproj", "{6BCF3A0E-690E-4188-95E4-126D6D6D2814}"
EndProject
Project("{9A19103F-16F7-4668-BE54-9A1E7A4F7556}") = "Salud.Framework.CosmosDB.Core", "Salud.Framework.CosmosDB.Core\Salud.Framework.CosmosDB.Core.csproj", "{C5996BA7-67ED-4B6B-B863-DE3C54C8E3EE}"
EndProject
Project("{9A19103F-16F7-4668-BE54-9A1E7A4F7556}") = "Salud.Presentation.ConsoleApp", "Salud.Presentation.ConsoleApp\Salud.Presentation.ConsoleApp.csproj", "{9E414CFF-4F64-406F-955C-1F68116B690F}"
EndProject
Project("{9A19103F-16F7-4668-BE54-9A1E7A4F7556}") = "Servinte.Framework.Storage.API", "Servinte.Framework.Storage.API\Servinte.Framework.Storage.API.csproj", "{1FE63DD7-253D-4B9F-8D09-20152702C196}"
EndProject
Project("{FAE04EC0-301F-11D3-BF4B-00C04F79EFBC}") = "Servinte.Framework.Broker.Consumers", "Servinte.Framework.Broker.Consumers\Servinte.Framework.Broker.Consumers.csproj", "{4B403B14-F8CC-4FD0-9728-9EE7F0AC6E82}"
EndProject
Project("{9A19103F-16F7-4668-BE54-9A1E7A4F7556}") = "Salud.Framework.Broker.Core", "Salud.Framework.Broker.Core\Salud.Framework.Broker.Core.csproj", "{EE0644A0-F633-478B-AFAB-4F68FF3B9219}"
EndProject
Project("{FAE04EC0-301F-11D3-BF4B-00C04F79EFBC}") = "ExternalConsultingWorker", "ExternalConsultingWorker\ExternalConsultingWorker.csproj", "{6D16DC4A-3C7D-41E8-ADD5-2553CCC61387}"
EndProject
Project("{CC5FD16D-436D-48AD-A40C-5A424C6E3E79}") = "Servinte.Workers", "Servinte.Workers\Servinte.Workers.ccproj", "{A45E50ED-591D-4C75-A029-6C9B02F55B3B}"
EndProject
Project("{9A19103F-16F7-4668-BE54-9A1E7A4F7556}") = "Servinte.Framework.NotificationEvents.Core", "Servinte.Framework.NotificationEvents.Core\Servinte.Framework.NotificationEvents.Core.csproj", "{A8AF76CE-35E0-4E38-8BC3-C7B3BB32E38C}"
EndProject
Global
	GlobalSection(SolutionConfigurationPlatforms) = preSolution
		Debug|Any CPU = Debug|Any CPU
		Release|Any CPU = Release|Any CPU
	EndGlobalSection
	GlobalSection(ProjectConfigurationPlatforms) = postSolution
		{4C15E910-F8BC-4C76-B99D-9A5C9F2092B4}.Debug|Any CPU.ActiveCfg = Debug|Any CPU
		{4C15E910-F8BC-4C76-B99D-9A5C9F2092B4}.Debug|Any CPU.Build.0 = Debug|Any CPU
		{4C15E910-F8BC-4C76-B99D-9A5C9F2092B4}.Release|Any CPU.ActiveCfg = Release|Any CPU
		{4C15E910-F8BC-4C76-B99D-9A5C9F2092B4}.Release|Any CPU.Build.0 = Release|Any CPU
		{6BCF3A0E-690E-4188-95E4-126D6D6D2814}.Debug|Any CPU.ActiveCfg = Debug|Any CPU
		{6BCF3A0E-690E-4188-95E4-126D6D6D2814}.Debug|Any CPU.Build.0 = Debug|Any CPU
		{6BCF3A0E-690E-4188-95E4-126D6D6D2814}.Release|Any CPU.ActiveCfg = Release|Any CPU
		{6BCF3A0E-690E-4188-95E4-126D6D6D2814}.Release|Any CPU.Build.0 = Release|Any CPU
		{C5996BA7-67ED-4B6B-B863-DE3C54C8E3EE}.Debug|Any CPU.ActiveCfg = Debug|Any CPU
		{C5996BA7-67ED-4B6B-B863-DE3C54C8E3EE}.Debug|Any CPU.Build.0 = Debug|Any CPU
		{C5996BA7-67ED-4B6B-B863-DE3C54C8E3EE}.Release|Any CPU.ActiveCfg = Release|Any CPU
		{C5996BA7-67ED-4B6B-B863-DE3C54C8E3EE}.Release|Any CPU.Build.0 = Release|Any CPU
		{9E414CFF-4F64-406F-955C-1F68116B690F}.Debug|Any CPU.ActiveCfg = Debug|Any CPU
		{9E414CFF-4F64-406F-955C-1F68116B690F}.Debug|Any CPU.Build.0 = Debug|Any CPU
		{9E414CFF-4F64-406F-955C-1F68116B690F}.Release|Any CPU.ActiveCfg = Release|Any CPU
		{9E414CFF-4F64-406F-955C-1F68116B690F}.Release|Any CPU.Build.0 = Release|Any CPU
		{1FE63DD7-253D-4B9F-8D09-20152702C196}.Debug|Any CPU.ActiveCfg = Debug|Any CPU
		{1FE63DD7-253D-4B9F-8D09-20152702C196}.Debug|Any CPU.Build.0 = Debug|Any CPU
		{1FE63DD7-253D-4B9F-8D09-20152702C196}.Release|Any CPU.ActiveCfg = Release|Any CPU
		{1FE63DD7-253D-4B9F-8D09-20152702C196}.Release|Any CPU.Build.0 = Release|Any CPU
		{4B403B14-F8CC-4FD0-9728-9EE7F0AC6E82}.Debug|Any CPU.ActiveCfg = Debug|Any CPU
		{4B403B14-F8CC-4FD0-9728-9EE7F0AC6E82}.Debug|Any CPU.Build.0 = Debug|Any CPU
		{4B403B14-F8CC-4FD0-9728-9EE7F0AC6E82}.Release|Any CPU.ActiveCfg = Release|Any CPU
		{4B403B14-F8CC-4FD0-9728-9EE7F0AC6E82}.Release|Any CPU.Build.0 = Release|Any CPU
		{EE0644A0-F633-478B-AFAB-4F68FF3B9219}.Debug|Any CPU.ActiveCfg = Debug|Any CPU
		{EE0644A0-F633-478B-AFAB-4F68FF3B9219}.Debug|Any CPU.Build.0 = Debug|Any CPU
		{EE0644A0-F633-478B-AFAB-4F68FF3B9219}.Release|Any CPU.ActiveCfg = Release|Any CPU
		{EE0644A0-F633-478B-AFAB-4F68FF3B9219}.Release|Any CPU.Build.0 = Release|Any CPU
		{6D16DC4A-3C7D-41E8-ADD5-2553CCC61387}.Debug|Any CPU.ActiveCfg = Debug|Any CPU
		{6D16DC4A-3C7D-41E8-ADD5-2553CCC61387}.Debug|Any CPU.Build.0 = Debug|Any CPU
		{6D16DC4A-3C7D-41E8-ADD5-2553CCC61387}.Release|Any CPU.ActiveCfg = Release|Any CPU
		{6D16DC4A-3C7D-41E8-ADD5-2553CCC61387}.Release|Any CPU.Build.0 = Release|Any CPU
		{A45E50ED-591D-4C75-A029-6C9B02F55B3B}.Debug|Any CPU.ActiveCfg = Debug|Any CPU
		{A45E50ED-591D-4C75-A029-6C9B02F55B3B}.Debug|Any CPU.Build.0 = Debug|Any CPU
		{A45E50ED-591D-4C75-A029-6C9B02F55B3B}.Release|Any CPU.ActiveCfg = Release|Any CPU
		{A45E50ED-591D-4C75-A029-6C9B02F55B3B}.Release|Any CPU.Build.0 = Release|Any CPU
		{A8AF76CE-35E0-4E38-8BC3-C7B3BB32E38C}.Debug|Any CPU.ActiveCfg = Debug|Any CPU
		{A8AF76CE-35E0-4E38-8BC3-C7B3BB32E38C}.Debug|Any CPU.Build.0 = Debug|Any CPU
		{A8AF76CE-35E0-4E38-8BC3-C7B3BB32E38C}.Release|Any CPU.ActiveCfg = Release|Any CPU
		{A8AF76CE-35E0-4E38-8BC3-C7B3BB32E38C}.Release|Any CPU.Build.0 = Release|Any CPU
	EndGlobalSection
	GlobalSection(SolutionProperties) = preSolution
		HideSolutionNode = FALSE
	EndGlobalSection
	GlobalSection(ExtensibilityGlobals) = postSolution
		SolutionGuid = {68908B26-AA0C-49AC-9B7F-36E3D70E1A14}
	EndGlobalSection
EndGlobal
